
Microsoft Visual Studio Solution File, Format Version 12.00
# Visual Studio 2013
Project("{FAE04EC0-301F-11D3-BF4B-00C04F79EFBC}") = "UnityVS.class7.CSharp.Plugins", "UnityVS.class7.CSharp.Plugins.csproj", "{105AEA49-CA55-BC2D-2084-610E2634640F}"
EndProject
Project("{FAE04EC0-301F-11D3-BF4B-00C04F79EFBC}") = "UnityVS.class7.CSharp", "UnityVS.class7.CSharp.csproj", "{6B0D43A8-9779-9916-E3DE-384F62948F92}"
EndProject
Global
	GlobalSection(SolutionConfigurationPlatforms) = preSolution
		Debug|Any CPU = Debug|Any CPU
		Release|Any CPU = Release|Any CPU
	EndGlobalSection
	GlobalSection(ProjectConfigurationPlatforms) = postSolution
		{105AEA49-CA55-BC2D-2084-610E2634640F}.Debug|Any CPU.ActiveCfg = Debug|Any CPU
		{105AEA49-CA55-BC2D-2084-610E2634640F}.Debug|Any CPU.Build.0 = Debug|Any CPU
		{105AEA49-CA55-BC2D-2084-610E2634640F}.Release|Any CPU.ActiveCfg = Release|Any CPU
		{105AEA49-CA55-BC2D-2084-610E2634640F}.Release|Any CPU.Build.0 = Release|Any CPU
		{6B0D43A8-9779-9916-E3DE-384F62948F92}.Debug|Any CPU.ActiveCfg = Debug|Any CPU
		{6B0D43A8-9779-9916-E3DE-384F62948F92}.Debug|Any CPU.Build.0 = Debug|Any CPU
		{6B0D43A8-9779-9916-E3DE-384F62948F92}.Release|Any CPU.ActiveCfg = Release|Any CPU
		{6B0D43A8-9779-9916-E3DE-384F62948F92}.Release|Any CPU.Build.0 = Release|Any CPU
	EndGlobalSection
	GlobalSection(SolutionProperties) = preSolution
		HideSolutionNode = FALSE
	EndGlobalSection
EndGlobal
